
Microsoft Visual Studio Solution File, Format Version 12.00
# Visual Studio 15
VisualStudioVersion = 15.0.34320.172
MinimumVisualStudioVersion = 10.0.40219.1
Project("{FAE04EC0-301F-11D3-BF4B-00C04F79EFBC}") = "Lab16", "Lab16\Lab16.csproj", "{D79D1365-178F-4DAF-ADA5-15920B695CE6}"
EndProject
Project("{FAE04EC0-301F-11D3-BF4B-00C04F79EFBC}") = "Lab16-2", "Lab16-2\Lab16-2.csproj", "{967BEED6-6474-4A14-A15B-1F7C5F6084DA}"
EndProject
Global
	GlobalSection(SolutionConfigurationPlatforms) = preSolution
		Debug|Any CPU = Debug|Any CPU
		Release|Any CPU = Release|Any CPU
	EndGlobalSection
	GlobalSection(ProjectConfigurationPlatforms) = postSolution
		{D79D1365-178F-4DAF-ADA5-15920B695CE6}.Debug|Any CPU.ActiveCfg = Debug|Any CPU
		{D79D1365-178F-4DAF-ADA5-15920B695CE6}.Debug|Any CPU.Build.0 = Debug|Any CPU
		{D79D1365-178F-4DAF-ADA5-15920B695CE6}.Release|Any CPU.ActiveCfg = Release|Any CPU
		{D79D1365-178F-4DAF-ADA5-15920B695CE6}.Release|Any CPU.Build.0 = Release|Any CPU
		{967BEED6-6474-4A14-A15B-1F7C5F6084DA}.Debug|Any CPU.ActiveCfg = Debug|Any CPU
		{967BEED6-6474-4A14-A15B-1F7C5F6084DA}.Debug|Any CPU.Build.0 = Debug|Any CPU
		{967BEED6-6474-4A14-A15B-1F7C5F6084DA}.Release|Any CPU.ActiveCfg = Release|Any CPU
		{967BEED6-6474-4A14-A15B-1F7C5F6084DA}.Release|Any CPU.Build.0 = Release|Any CPU
	EndGlobalSection
	GlobalSection(SolutionProperties) = preSolution
		HideSolutionNode = FALSE
	EndGlobalSection
	GlobalSection(ExtensibilityGlobals) = postSolution
		SolutionGuid = {AE8E7BB8-152E-4D9C-85A0-E1D048C3837D}
	EndGlobalSection
EndGlobal
